# This file is autogenerated, do not edit; changes may be undone by the next 'dep ensure'.


[[projects]]
  branch = "master"
  digest = "1:3fcb1ee797279c52137484ade5321003b2e362a9c5ef86c197e3deb9882b0504"
  name = "github.com/lock-free/gopcp"
  packages = ["."]
  pruneopts = "UT"
  revision = "f39bb882c4f98e56afe0c75ba2f0eca4f89869e8"

[solve-meta]
  analyzer-name = "dep"
  analyzer-version = 1
  input-imports = ["github.com/lock-free/gopcp"]
  solver-name = "gps-cdcl"
  solver-version = 1
