# This file is autogenerated, do not edit; changes may be undone by the next 'dep ensure'.


[[projects]]
  branch = "master"
  digest = "1:31d1c2ff282b3dde5e54278bc56002c1f036016ccf50b00b4b28fb3c5fd00dc0"
  name = "github.com/lock-free/gopcp"
  packages = ["."]
  pruneopts = "UT"
  revision = "3129bdd57c91ebee7d25f7397da0729d0f4c5726"

[solve-meta]
  analyzer-name = "dep"
  analyzer-version = 1
  input-imports = ["github.com/lock-free/gopcp"]
  solver-name = "gps-cdcl"
  solver-version = 1
